
Microsoft Visual Studio Solution File, Format Version 12.00
# Visual Studio Version 17
VisualStudioVersion = 17.12.35527.113 d17.12
MinimumVisualStudioVersion = 10.0.40219.1
Project("{FAE04EC0-301F-11D3-BF4B-00C04F79EFBC}") = "Moveo", "Moveo\Moveo.csproj", "{3932E04E-E146-4EAF-BD12-C2BAE1210C4A}"
EndProject
Project("{FAE04EC0-301F-11D3-BF4B-00C04F79EFBC}") = "ProjectManager", "ProjectManager\ProjectManager.csproj", "{A476C30B-720A-4020-A438-25F57F76CFE8}"
EndProject
Project("{FAE04EC0-301F-11D3-BF4B-00C04F79EFBC}") = "DBAdapter", "DBAdapter\DBAdapter.csproj", "{08E55C7B-FEB4-4543-BE64-1D26EB31D8DB}"
EndProject
Global
	GlobalSection(SolutionConfigurationPlatforms) = preSolution
		Debug|Any CPU = Debug|Any CPU
		Release|Any CPU = Release|Any CPU
	EndGlobalSection
	GlobalSection(ProjectConfigurationPlatforms) = postSolution
		{3932E04E-E146-4EAF-BD12-C2BAE1210C4A}.Debug|Any CPU.ActiveCfg = Debug|Any CPU
		{3932E04E-E146-4EAF-BD12-C2BAE1210C4A}.Debug|Any CPU.Build.0 = Debug|Any CPU
		{3932E04E-E146-4EAF-BD12-C2BAE1210C4A}.Release|Any CPU.ActiveCfg = Release|Any CPU
		{3932E04E-E146-4EAF-BD12-C2BAE1210C4A}.Release|Any CPU.Build.0 = Release|Any CPU
		{A476C30B-720A-4020-A438-25F57F76CFE8}.Debug|Any CPU.ActiveCfg = Debug|Any CPU
		{A476C30B-720A-4020-A438-25F57F76CFE8}.Debug|Any CPU.Build.0 = Debug|Any CPU
		{A476C30B-720A-4020-A438-25F57F76CFE8}.Release|Any CPU.ActiveCfg = Release|Any CPU
		{A476C30B-720A-4020-A438-25F57F76CFE8}.Release|Any CPU.Build.0 = Release|Any CPU
		{08E55C7B-FEB4-4543-BE64-1D26EB31D8DB}.Debug|Any CPU.ActiveCfg = Debug|Any CPU
		{08E55C7B-FEB4-4543-BE64-1D26EB31D8DB}.Debug|Any CPU.Build.0 = Debug|Any CPU
		{08E55C7B-FEB4-4543-BE64-1D26EB31D8DB}.Release|Any CPU.ActiveCfg = Release|Any CPU
		{08E55C7B-FEB4-4543-BE64-1D26EB31D8DB}.Release|Any CPU.Build.0 = Release|Any CPU
	EndGlobalSection
	GlobalSection(SolutionProperties) = preSolution
		HideSolutionNode = FALSE
	EndGlobalSection
EndGlobal
